// !$*UTF8*$!
{
	archiveVersion = 1;
	classes = {
	};
	objectVersion = 51;
	objects = {

/* Begin PBXBuildFile section */
		2F4EAF2A750D757227461207 /* Pods_findfood.framework in Frameworks */ = {isa = PBXBuildFile; fileRef = 77D5F6210BCDD145B07CB00E /* Pods_findfood.framework */; };
		30841397540F088A9513BF71 /* Pods_findfoodTests.framework in Frameworks */ = {isa = PBXBuildFile; fileRef = ACE33F21BAA7B6C3747F874A /* Pods_findfoodTests.framework */; };
		6E01E12E269CF8CB00CAB045 /* AppDelegate.m in Sources */ = {isa = PBXBuildFile; fileRef = 6E01E12D269CF8CB00CAB045 /* AppDelegate.m */; };
		6E01E131269CF8CB00CAB045 /* SceneDelegate.m in Sources */ = {isa = PBXBuildFile; fileRef = 6E01E130269CF8CB00CAB045 /* SceneDelegate.m */; };
		6E01E137269CF8CB00CAB045 /* Main.storyboard in Resources */ = {isa = PBXBuildFile; fileRef = 6E01E135269CF8CB00CAB045 /* Main.storyboard */; };
		6E01E139269CF8CC00CAB045 /* Assets.xcassets in Resources */ = {isa = PBXBuildFile; fileRef = 6E01E138269CF8CC00CAB045 /* Assets.xcassets */; };
		6E01E13C269CF8CC00CAB045 /* LaunchScreen.storyboard in Resources */ = {isa = PBXBuildFile; fileRef = 6E01E13A269CF8CC00CAB045 /* LaunchScreen.storyboard */; };
		6E01E13F269CF8CC00CAB045 /* main.m in Sources */ = {isa = PBXBuildFile; fileRef = 6E01E13E269CF8CC00CAB045 /* main.m */; };
		6E01E149269CF8CC00CAB045 /* findfoodTests.m in Sources */ = {isa = PBXBuildFile; fileRef = 6E01E148269CF8CC00CAB045 /* findfoodTests.m */; };
		6E01E154269CF8CC00CAB045 /* findfoodUITests.m in Sources */ = {isa = PBXBuildFile; fileRef = 6E01E153269CF8CC00CAB045 /* findfoodUITests.m */; };
		6E182D10269CFF1600E69EBD /* LoginViewController.m in Sources */ = {isa = PBXBuildFile; fileRef = 6E182D0F269CFF1600E69EBD /* LoginViewController.m */; };
		6E182D13269D030200E69EBD /* UserSignUpViewController.m in Sources */ = {isa = PBXBuildFile; fileRef = 6E182D12269D030200E69EBD /* UserSignUpViewController.m */; };
		6E182D16269D035200E69EBD /* FTruckSignUpViewController.m in Sources */ = {isa = PBXBuildFile; fileRef = 6E182D15269D035200E69EBD /* FTruckSignUpViewController.m */; };
		6E182D19269D0A6C00E69EBD /* ParentSignUpViewController.m in Sources */ = {isa = PBXBuildFile; fileRef = 6E182D18269D0A6C00E69EBD /* ParentSignUpViewController.m */; };
		6E182D1C269DEB3600E69EBD /* UserMapViewController.m in Sources */ = {isa = PBXBuildFile; fileRef = 6E182D1B269DEB3600E69EBD /* UserMapViewController.m */; };
		6E182D1F269DEB5100E69EBD /* UserProfileViewController.m in Sources */ = {isa = PBXBuildFile; fileRef = 6E182D1E269DEB5100E69EBD /* UserProfileViewController.m */; };
		6E182D22269DF16B00E69EBD /* DetailsViewController.m in Sources */ = {isa = PBXBuildFile; fileRef = 6E182D21269DF16B00E69EBD /* DetailsViewController.m */; };
		6E182D27269DF36300E69EBD /* FTruckEditProfileViewController.m in Sources */ = {isa = PBXBuildFile; fileRef = 6E182D26269DF36300E69EBD /* FTruckEditProfileViewController.m */; };
		6E182D2A269DF3C700E69EBD /* UserEditProfileViewController.m in Sources */ = {isa = PBXBuildFile; fileRef = 6E182D29269DF3C700E69EBD /* UserEditProfileViewController.m */; };
		6E182D39269F38AF00E69EBD /* FTruckProfileViewController.m in Sources */ = {isa = PBXBuildFile; fileRef = 6E182D38269F38AF00E69EBD /* FTruckProfileViewController.m */; };
		6E182D3C26A08AF800E69EBD /* LocationSearchViewController.m in Sources */ = {isa = PBXBuildFile; fileRef = 6E182D3B26A08AF800E69EBD /* LocationSearchViewController.m */; };
		6E182D3F26A0B9B400E69EBD /* AddressResultsCell.m in Sources */ = {isa = PBXBuildFile; fileRef = 6E182D3E26A0B9B400E69EBD /* AddressResultsCell.m */; };
		6E7743EB26A1E4AE00C02DA0 /* FTruckHoursViewController.m in Sources */ = {isa = PBXBuildFile; fileRef = 6E7743EA26A1E4AE00C02DA0 /* FTruckHoursViewController.m */; };
		CCFE10EF9BBE638A5B164149 /* Pods_findfood_findfoodUITests.framework in Frameworks */ = {isa = PBXBuildFile; fileRef = 9BF6EFC096645362D19A3B9A /* Pods_findfood_findfoodUITests.framework */; };
/* End PBXBuildFile section */

/* Begin PBXContainerItemProxy section */
		6E01E145269CF8CC00CAB045 /* PBXContainerItemProxy */ = {
			isa = PBXContainerItemProxy;
			containerPortal = 6E01E121269CF8CB00CAB045 /* Project object */;
			proxyType = 1;
			remoteGlobalIDString = 6E01E128269CF8CB00CAB045;
			remoteInfo = findfood;
		};
		6E01E150269CF8CC00CAB045 /* PBXContainerItemProxy */ = {
			isa = PBXContainerItemProxy;
			containerPortal = 6E01E121269CF8CB00CAB045 /* Project object */;
			proxyType = 1;
			remoteGlobalIDString = 6E01E128269CF8CB00CAB045;
			remoteInfo = findfood;
		};
/* End PBXContainerItemProxy section */

/* Begin PBXFileReference section */
		28E5C561B8F67A6A7F7FAD4E /* Pods-findfood-findfoodUITests.debug.xcconfig */ = {isa = PBXFileReference; includeInIndex = 1; lastKnownFileType = text.xcconfig; name = "Pods-findfood-findfoodUITests.debug.xcconfig"; path = "Target Support Files/Pods-findfood-findfoodUITests/Pods-findfood-findfoodUITests.debug.xcconfig"; sourceTree = "<group>"; };
		2F7040CD10C4FED86B930B57 /* Pods-findfoodTests.debug.xcconfig */ = {isa = PBXFileReference; includeInIndex = 1; lastKnownFileType = text.xcconfig; name = "Pods-findfoodTests.debug.xcconfig"; path = "Target Support Files/Pods-findfoodTests/Pods-findfoodTests.debug.xcconfig"; sourceTree = "<group>"; };
		529B2061D7F24A244C17548E /* Pods-findfood-findfoodUITests.release.xcconfig */ = {isa = PBXFileReference; includeInIndex = 1; lastKnownFileType = text.xcconfig; name = "Pods-findfood-findfoodUITests.release.xcconfig"; path = "Target Support Files/Pods-findfood-findfoodUITests/Pods-findfood-findfoodUITests.release.xcconfig"; sourceTree = "<group>"; };
		6E01E129269CF8CB00CAB045 /* findfood.app */ = {isa = PBXFileReference; explicitFileType = wrapper.application; includeInIndex = 0; path = findfood.app; sourceTree = BUILT_PRODUCTS_DIR; };
		6E01E12C269CF8CB00CAB045 /* AppDelegate.h */ = {isa = PBXFileReference; lastKnownFileType = sourcecode.c.h; path = AppDelegate.h; sourceTree = "<group>"; };
		6E01E12D269CF8CB00CAB045 /* AppDelegate.m */ = {isa = PBXFileReference; lastKnownFileType = sourcecode.c.objc; path = AppDelegate.m; sourceTree = "<group>"; };
		6E01E12F269CF8CB00CAB045 /* SceneDelegate.h */ = {isa = PBXFileReference; lastKnownFileType = sourcecode.c.h; path = SceneDelegate.h; sourceTree = "<group>"; };
		6E01E130269CF8CB00CAB045 /* SceneDelegate.m */ = {isa = PBXFileReference; lastKnownFileType = sourcecode.c.objc; path = SceneDelegate.m; sourceTree = "<group>"; };
		6E01E136269CF8CB00CAB045 /* Base */ = {isa = PBXFileReference; lastKnownFileType = file.storyboard; name = Base; path = Base.lproj/Main.storyboard; sourceTree = "<group>"; };
		6E01E138269CF8CC00CAB045 /* Assets.xcassets */ = {isa = PBXFileReference; lastKnownFileType = folder.assetcatalog; path = Assets.xcassets; sourceTree = "<group>"; };
		6E01E13B269CF8CC00CAB045 /* Base */ = {isa = PBXFileReference; lastKnownFileType = file.storyboard; name = Base; path = Base.lproj/LaunchScreen.storyboard; sourceTree = "<group>"; };
		6E01E13D269CF8CC00CAB045 /* Info.plist */ = {isa = PBXFileReference; lastKnownFileType = text.plist.xml; path = Info.plist; sourceTree = "<group>"; };
		6E01E13E269CF8CC00CAB045 /* main.m */ = {isa = PBXFileReference; lastKnownFileType = sourcecode.c.objc; path = main.m; sourceTree = "<group>"; };
		6E01E144269CF8CC00CAB045 /* findfoodTests.xctest */ = {isa = PBXFileReference; explicitFileType = wrapper.cfbundle; includeInIndex = 0; path = findfoodTests.xctest; sourceTree = BUILT_PRODUCTS_DIR; };
		6E01E148269CF8CC00CAB045 /* findfoodTests.m */ = {isa = PBXFileReference; lastKnownFileType = sourcecode.c.objc; path = findfoodTests.m; sourceTree = "<group>"; };
		6E01E14A269CF8CC00CAB045 /* Info.plist */ = {isa = PBXFileReference; lastKnownFileType = text.plist.xml; path = Info.plist; sourceTree = "<group>"; };
		6E01E14F269CF8CC00CAB045 /* findfoodUITests.xctest */ = {isa = PBXFileReference; explicitFileType = wrapper.cfbundle; includeInIndex = 0; path = findfoodUITests.xctest; sourceTree = BUILT_PRODUCTS_DIR; };
		6E01E153269CF8CC00CAB045 /* findfoodUITests.m */ = {isa = PBXFileReference; lastKnownFileType = sourcecode.c.objc; path = findfoodUITests.m; sourceTree = "<group>"; };
		6E01E155269CF8CC00CAB045 /* Info.plist */ = {isa = PBXFileReference; lastKnownFileType = text.plist.xml; path = Info.plist; sourceTree = "<group>"; };
		6E182D0E269CFF1600E69EBD /* LoginViewController.h */ = {isa = PBXFileReference; lastKnownFileType = sourcecode.c.h; path = LoginViewController.h; sourceTree = "<group>"; };
		6E182D0F269CFF1600E69EBD /* LoginViewController.m */ = {isa = PBXFileReference; lastKnownFileType = sourcecode.c.objc; path = LoginViewController.m; sourceTree = "<group>"; };
		6E182D11269D030200E69EBD /* UserSignUpViewController.h */ = {isa = PBXFileReference; lastKnownFileType = sourcecode.c.h; path = UserSignUpViewController.h; sourceTree = "<group>"; };
		6E182D12269D030200E69EBD /* UserSignUpViewController.m */ = {isa = PBXFileReference; lastKnownFileType = sourcecode.c.objc; path = UserSignUpViewController.m; sourceTree = "<group>"; };
		6E182D14269D035200E69EBD /* FTruckSignUpViewController.h */ = {isa = PBXFileReference; lastKnownFileType = sourcecode.c.h; path = FTruckSignUpViewController.h; sourceTree = "<group>"; };
		6E182D15269D035200E69EBD /* FTruckSignUpViewController.m */ = {isa = PBXFileReference; lastKnownFileType = sourcecode.c.objc; path = FTruckSignUpViewController.m; sourceTree = "<group>"; };
		6E182D17269D0A6C00E69EBD /* ParentSignUpViewController.h */ = {isa = PBXFileReference; lastKnownFileType = sourcecode.c.h; path = ParentSignUpViewController.h; sourceTree = "<group>"; };
		6E182D18269D0A6C00E69EBD /* ParentSignUpViewController.m */ = {isa = PBXFileReference; lastKnownFileType = sourcecode.c.objc; path = ParentSignUpViewController.m; sourceTree = "<group>"; };
		6E182D1A269DEB3600E69EBD /* UserMapViewController.h */ = {isa = PBXFileReference; lastKnownFileType = sourcecode.c.h; path = UserMapViewController.h; sourceTree = "<group>"; };
		6E182D1B269DEB3600E69EBD /* UserMapViewController.m */ = {isa = PBXFileReference; lastKnownFileType = sourcecode.c.objc; path = UserMapViewController.m; sourceTree = "<group>"; };
		6E182D1D269DEB5100E69EBD /* UserProfileViewController.h */ = {isa = PBXFileReference; lastKnownFileType = sourcecode.c.h; path = UserProfileViewController.h; sourceTree = "<group>"; };
		6E182D1E269DEB5100E69EBD /* UserProfileViewController.m */ = {isa = PBXFileReference; lastKnownFileType = sourcecode.c.objc; path = UserProfileViewController.m; sourceTree = "<group>"; };
		6E182D20269DF16B00E69EBD /* DetailsViewController.h */ = {isa = PBXFileReference; lastKnownFileType = sourcecode.c.h; path = DetailsViewController.h; sourceTree = "<group>"; };
		6E182D21269DF16B00E69EBD /* DetailsViewController.m */ = {isa = PBXFileReference; lastKnownFileType = sourcecode.c.objc; path = DetailsViewController.m; sourceTree = "<group>"; };
		6E182D25269DF36300E69EBD /* FTruckEditProfileViewController.h */ = {isa = PBXFileReference; lastKnownFileType = sourcecode.c.h; path = FTruckEditProfileViewController.h; sourceTree = "<group>"; };
		6E182D26269DF36300E69EBD /* FTruckEditProfileViewController.m */ = {isa = PBXFileReference; lastKnownFileType = sourcecode.c.objc; path = FTruckEditProfileViewController.m; sourceTree = "<group>"; };
		6E182D28269DF3C700E69EBD /* UserEditProfileViewController.h */ = {isa = PBXFileReference; lastKnownFileType = sourcecode.c.h; path = UserEditProfileViewController.h; sourceTree = "<group>"; };
		6E182D29269DF3C700E69EBD /* UserEditProfileViewController.m */ = {isa = PBXFileReference; lastKnownFileType = sourcecode.c.objc; path = UserEditProfileViewController.m; sourceTree = "<group>"; };
		6E182D37269F38AF00E69EBD /* FTruckProfileViewController.h */ = {isa = PBXFileReference; lastKnownFileType = sourcecode.c.h; path = FTruckProfileViewController.h; sourceTree = "<group>"; };
		6E182D38269F38AF00E69EBD /* FTruckProfileViewController.m */ = {isa = PBXFileReference; lastKnownFileType = sourcecode.c.objc; path = FTruckProfileViewController.m; sourceTree = "<group>"; };
		6E182D3A26A08AF800E69EBD /* LocationSearchViewController.h */ = {isa = PBXFileReference; lastKnownFileType = sourcecode.c.h; path = LocationSearchViewController.h; sourceTree = "<group>"; };
		6E182D3B26A08AF800E69EBD /* LocationSearchViewController.m */ = {isa = PBXFileReference; lastKnownFileType = sourcecode.c.objc; path = LocationSearchViewController.m; sourceTree = "<group>"; };
		6E182D3D26A0B9B400E69EBD /* AddressResultsCell.h */ = {isa = PBXFileReference; lastKnownFileType = sourcecode.c.h; path = AddressResultsCell.h; sourceTree = "<group>"; };
		6E182D3E26A0B9B400E69EBD /* AddressResultsCell.m */ = {isa = PBXFileReference; lastKnownFileType = sourcecode.c.objc; path = AddressResultsCell.m; sourceTree = "<group>"; };
		6E7743E926A1E4AE00C02DA0 /* FTruckHoursViewController.h */ = {isa = PBXFileReference; lastKnownFileType = sourcecode.c.h; path = FTruckHoursViewController.h; sourceTree = "<group>"; };
		6E7743EA26A1E4AE00C02DA0 /* FTruckHoursViewController.m */ = {isa = PBXFileReference; lastKnownFileType = sourcecode.c.objc; path = FTruckHoursViewController.m; sourceTree = "<group>"; };
		77D5F6210BCDD145B07CB00E /* Pods_findfood.framework */ = {isa = PBXFileReference; explicitFileType = wrapper.framework; includeInIndex = 0; path = Pods_findfood.framework; sourceTree = BUILT_PRODUCTS_DIR; };
		7FA575DA0E14924867ED1A07 /* Pods-findfood.debug.xcconfig */ = {isa = PBXFileReference; includeInIndex = 1; lastKnownFileType = text.xcconfig; name = "Pods-findfood.debug.xcconfig"; path = "Target Support Files/Pods-findfood/Pods-findfood.debug.xcconfig"; sourceTree = "<group>"; };
		9BF6EFC096645362D19A3B9A /* Pods_findfood_findfoodUITests.framework */ = {isa = PBXFileReference; explicitFileType = wrapper.framework; includeInIndex = 0; path = Pods_findfood_findfoodUITests.framework; sourceTree = BUILT_PRODUCTS_DIR; };
		A0FF123623A9EC0152534D02 /* Pods-findfood.release.xcconfig */ = {isa = PBXFileReference; includeInIndex = 1; lastKnownFileType = text.xcconfig; name = "Pods-findfood.release.xcconfig"; path = "Target Support Files/Pods-findfood/Pods-findfood.release.xcconfig"; sourceTree = "<group>"; };
		ACE33F21BAA7B6C3747F874A /* Pods_findfoodTests.framework */ = {isa = PBXFileReference; explicitFileType = wrapper.framework; includeInIndex = 0; path = Pods_findfoodTests.framework; sourceTree = BUILT_PRODUCTS_DIR; };
		B8851B3329059D044BCBC1B5 /* Pods-findfoodTests.release.xcconfig */ = {isa = PBXFileReference; includeInIndex = 1; lastKnownFileType = text.xcconfig; name = "Pods-findfoodTests.release.xcconfig"; path = "Target Support Files/Pods-findfoodTests/Pods-findfoodTests.release.xcconfig"; sourceTree = "<group>"; };
/* End PBXFileReference section */

/* Begin PBXFrameworksBuildPhase section */
		6E01E126269CF8CB00CAB045 /* Frameworks */ = {
			isa = PBXFrameworksBuildPhase;
			buildActionMask = 2147483647;
			files = (
				2F4EAF2A750D757227461207 /* Pods_findfood.framework in Frameworks */,
			);
			runOnlyForDeploymentPostprocessing = 0;
		};
		6E01E141269CF8CC00CAB045 /* Frameworks */ = {
			isa = PBXFrameworksBuildPhase;
			buildActionMask = 2147483647;
			files = (
				30841397540F088A9513BF71 /* Pods_findfoodTests.framework in Frameworks */,
			);
			runOnlyForDeploymentPostprocessing = 0;
		};
		6E01E14C269CF8CC00CAB045 /* Frameworks */ = {
			isa = PBXFrameworksBuildPhase;
			buildActionMask = 2147483647;
			files = (
				CCFE10EF9BBE638A5B164149 /* Pods_findfood_findfoodUITests.framework in Frameworks */,
			);
			runOnlyForDeploymentPostprocessing = 0;
		};
/* End PBXFrameworksBuildPhase section */

/* Begin PBXGroup section */
		6E01E120269CF8CB00CAB045 = {
			isa = PBXGroup;
			children = (
				6E01E12B269CF8CB00CAB045 /* findfood */,
				6E01E147269CF8CC00CAB045 /* findfoodTests */,
				6E01E152269CF8CC00CAB045 /* findfoodUITests */,
				6E01E12A269CF8CB00CAB045 /* Products */,
				F6860794216974774ECCF1BC /* Pods */,
				A050D7899DB07366C952C449 /* Frameworks */,
			);
			sourceTree = "<group>";
		};
		6E01E12A269CF8CB00CAB045 /* Products */ = {
			isa = PBXGroup;
			children = (
				6E01E129269CF8CB00CAB045 /* findfood.app */,
				6E01E144269CF8CC00CAB045 /* findfoodTests.xctest */,
				6E01E14F269CF8CC00CAB045 /* findfoodUITests.xctest */,
			);
			name = Products;
			sourceTree = "<group>";
		};
		6E01E12B269CF8CB00CAB045 /* findfood */ = {
			isa = PBXGroup;
			children = (
				6E182D0D269CFE9F00E69EBD /* Models */,
				6E182D0C269CFE9400E69EBD /* Views */,
				6E182D0B269CFE8100E69EBD /* View Controllers */,
				6E01E12C269CF8CB00CAB045 /* AppDelegate.h */,
				6E01E12D269CF8CB00CAB045 /* AppDelegate.m */,
				6E01E12F269CF8CB00CAB045 /* SceneDelegate.h */,
				6E01E130269CF8CB00CAB045 /* SceneDelegate.m */,
				6E01E135269CF8CB00CAB045 /* Main.storyboard */,
				6E01E138269CF8CC00CAB045 /* Assets.xcassets */,
				6E01E13A269CF8CC00CAB045 /* LaunchScreen.storyboard */,
				6E01E13D269CF8CC00CAB045 /* Info.plist */,
				6E01E13E269CF8CC00CAB045 /* main.m */,
			);
			path = findfood;
			sourceTree = "<group>";
		};
		6E01E147269CF8CC00CAB045 /* findfoodTests */ = {
			isa = PBXGroup;
			children = (
				6E01E148269CF8CC00CAB045 /* findfoodTests.m */,
				6E01E14A269CF8CC00CAB045 /* Info.plist */,
			);
			path = findfoodTests;
			sourceTree = "<group>";
		};
		6E01E152269CF8CC00CAB045 /* findfoodUITests */ = {
			isa = PBXGroup;
			children = (
				6E01E153269CF8CC00CAB045 /* findfoodUITests.m */,
				6E01E155269CF8CC00CAB045 /* Info.plist */,
			);
			path = findfoodUITests;
			sourceTree = "<group>";
		};
		6E182D0B269CFE8100E69EBD /* View Controllers */ = {
			isa = PBXGroup;
			children = (
				6E182D0E269CFF1600E69EBD /* LoginViewController.h */,
				6E182D0F269CFF1600E69EBD /* LoginViewController.m */,
				6E182D11269D030200E69EBD /* UserSignUpViewController.h */,
				6E182D12269D030200E69EBD /* UserSignUpViewController.m */,
				6E182D14269D035200E69EBD /* FTruckSignUpViewController.h */,
				6E182D15269D035200E69EBD /* FTruckSignUpViewController.m */,
				6E182D17269D0A6C00E69EBD /* ParentSignUpViewController.h */,
				6E182D18269D0A6C00E69EBD /* ParentSignUpViewController.m */,
				6E182D1A269DEB3600E69EBD /* UserMapViewController.h */,
				6E182D1B269DEB3600E69EBD /* UserMapViewController.m */,
				6E182D1D269DEB5100E69EBD /* UserProfileViewController.h */,
				6E182D1E269DEB5100E69EBD /* UserProfileViewController.m */,
				6E182D20269DF16B00E69EBD /* DetailsViewController.h */,
				6E182D21269DF16B00E69EBD /* DetailsViewController.m */,
				6E182D25269DF36300E69EBD /* FTruckEditProfileViewController.h */,
				6E182D26269DF36300E69EBD /* FTruckEditProfileViewController.m */,
				6E182D28269DF3C700E69EBD /* UserEditProfileViewController.h */,
				6E182D29269DF3C700E69EBD /* UserEditProfileViewController.m */,
				6E182D37269F38AF00E69EBD /* FTruckProfileViewController.h */,
				6E182D38269F38AF00E69EBD /* FTruckProfileViewController.m */,
				6E182D3A26A08AF800E69EBD /* LocationSearchViewController.h */,
				6E182D3B26A08AF800E69EBD /* LocationSearchViewController.m */,
				6E7743E926A1E4AE00C02DA0 /* FTruckHoursViewController.h */,
				6E7743EA26A1E4AE00C02DA0 /* FTruckHoursViewController.m */,
			);
			path = "View Controllers";
			sourceTree = "<group>";
		};
		6E182D0C269CFE9400E69EBD /* Views */ = {
			isa = PBXGroup;
			children = (
				6E182D3D26A0B9B400E69EBD /* AddressResultsCell.h */,
				6E182D3E26A0B9B400E69EBD /* AddressResultsCell.m */,
			);
			path = Views;
			sourceTree = "<group>";
		};
		6E182D0D269CFE9F00E69EBD /* Models */ = {
			isa = PBXGroup;
			children = (
			);
			path = Models;
			sourceTree = "<group>";
		};
		A050D7899DB07366C952C449 /* Frameworks */ = {
			isa = PBXGroup;
			children = (
				77D5F6210BCDD145B07CB00E /* Pods_findfood.framework */,
				9BF6EFC096645362D19A3B9A /* Pods_findfood_findfoodUITests.framework */,
				ACE33F21BAA7B6C3747F874A /* Pods_findfoodTests.framework */,
			);
			name = Frameworks;
			sourceTree = "<group>";
		};
		F6860794216974774ECCF1BC /* Pods */ = {
			isa = PBXGroup;
			children = (
				7FA575DA0E14924867ED1A07 /* Pods-findfood.debug.xcconfig */,
				A0FF123623A9EC0152534D02 /* Pods-findfood.release.xcconfig */,
				28E5C561B8F67A6A7F7FAD4E /* Pods-findfood-findfoodUITests.debug.xcconfig */,
				529B2061D7F24A244C17548E /* Pods-findfood-findfoodUITests.release.xcconfig */,
				2F7040CD10C4FED86B930B57 /* Pods-findfoodTests.debug.xcconfig */,
				B8851B3329059D044BCBC1B5 /* Pods-findfoodTests.release.xcconfig */,
			);
			path = Pods;
			sourceTree = "<group>";
		};
/* End PBXGroup section */

/* Begin PBXNativeTarget section */
		6E01E128269CF8CB00CAB045 /* findfood */ = {
			isa = PBXNativeTarget;
			buildConfigurationList = 6E01E158269CF8CC00CAB045 /* Build configuration list for PBXNativeTarget "findfood" */;
			buildPhases = (
				5A47EC4E7DCE9004AC5E07CC /* [CP] Check Pods Manifest.lock */,
				6E01E125269CF8CB00CAB045 /* Sources */,
				6E01E126269CF8CB00CAB045 /* Frameworks */,
				6E01E127269CF8CB00CAB045 /* Resources */,
				E254DEEBE00F26E28A628A35 /* [CP] Embed Pods Frameworks */,
			);
			buildRules = (
			);
			dependencies = (
			);
			name = findfood;
			productName = findfood;
			productReference = 6E01E129269CF8CB00CAB045 /* findfood.app */;
			productType = "com.apple.product-type.application";
		};
		6E01E143269CF8CC00CAB045 /* findfoodTests */ = {
			isa = PBXNativeTarget;
			buildConfigurationList = 6E01E15B269CF8CC00CAB045 /* Build configuration list for PBXNativeTarget "findfoodTests" */;
			buildPhases = (
				AE8117054734B8FEF1FE452C /* [CP] Check Pods Manifest.lock */,
				6E01E140269CF8CC00CAB045 /* Sources */,
				6E01E141269CF8CC00CAB045 /* Frameworks */,
				6E01E142269CF8CC00CAB045 /* Resources */,
			);
			buildRules = (
			);
			dependencies = (
				6E01E146269CF8CC00CAB045 /* PBXTargetDependency */,
			);
			name = findfoodTests;
			productName = findfoodTests;
			productReference = 6E01E144269CF8CC00CAB045 /* findfoodTests.xctest */;
			productType = "com.apple.product-type.bundle.unit-test";
		};
		6E01E14E269CF8CC00CAB045 /* findfoodUITests */ = {
			isa = PBXNativeTarget;
			buildConfigurationList = 6E01E15E269CF8CC00CAB045 /* Build configuration list for PBXNativeTarget "findfoodUITests" */;
			buildPhases = (
				6B12B3B44E1647737C432757 /* [CP] Check Pods Manifest.lock */,
				6E01E14B269CF8CC00CAB045 /* Sources */,
				6E01E14C269CF8CC00CAB045 /* Frameworks */,
				6E01E14D269CF8CC00CAB045 /* Resources */,
				0601E31B9776E7A3B6425E3C /* [CP] Embed Pods Frameworks */,
			);
			buildRules = (
			);
			dependencies = (
				6E01E151269CF8CC00CAB045 /* PBXTargetDependency */,
			);
			name = findfoodUITests;
			productName = findfoodUITests;
			productReference = 6E01E14F269CF8CC00CAB045 /* findfoodUITests.xctest */;
			productType = "com.apple.product-type.bundle.ui-testing";
		};
/* End PBXNativeTarget section */

/* Begin PBXProject section */
		6E01E121269CF8CB00CAB045 /* Project object */ = {
			isa = PBXProject;
			attributes = {
				LastUpgradeCheck = 1250;
				TargetAttributes = {
					6E01E128269CF8CB00CAB045 = {
						CreatedOnToolsVersion = 12.5;
					};
					6E01E143269CF8CC00CAB045 = {
						CreatedOnToolsVersion = 12.5;
						TestTargetID = 6E01E128269CF8CB00CAB045;
					};
					6E01E14E269CF8CC00CAB045 = {
						CreatedOnToolsVersion = 12.5;
						TestTargetID = 6E01E128269CF8CB00CAB045;
					};
				};
			};
			buildConfigurationList = 6E01E124269CF8CB00CAB045 /* Build configuration list for PBXProject "findfood" */;
			compatibilityVersion = "Xcode 9.3";
			developmentRegion = en;
			hasScannedForEncodings = 0;
			knownRegions = (
				en,
				Base,
			);
			mainGroup = 6E01E120269CF8CB00CAB045;
			productRefGroup = 6E01E12A269CF8CB00CAB045 /* Products */;
			projectDirPath = "";
			projectRoot = "";
			targets = (
				6E01E128269CF8CB00CAB045 /* findfood */,
				6E01E143269CF8CC00CAB045 /* findfoodTests */,
				6E01E14E269CF8CC00CAB045 /* findfoodUITests */,
			);
		};
/* End PBXProject section */

/* Begin PBXResourcesBuildPhase section */
		6E01E127269CF8CB00CAB045 /* Resources */ = {
			isa = PBXResourcesBuildPhase;
			buildActionMask = 2147483647;
			files = (
				6E01E13C269CF8CC00CAB045 /* LaunchScreen.storyboard in Resources */,
				6E01E139269CF8CC00CAB045 /* Assets.xcassets in Resources */,
				6E01E137269CF8CB00CAB045 /* Main.storyboard in Resources */,
			);
			runOnlyForDeploymentPostprocessing = 0;
		};
		6E01E142269CF8CC00CAB045 /* Resources */ = {
			isa = PBXResourcesBuildPhase;
			buildActionMask = 2147483647;
			files = (
			);
			runOnlyForDeploymentPostprocessing = 0;
		};
		6E01E14D269CF8CC00CAB045 /* Resources */ = {
			isa = PBXResourcesBuildPhase;
			buildActionMask = 2147483647;
			files = (
			);
			runOnlyForDeploymentPostprocessing = 0;
		};
/* End PBXResourcesBuildPhase section */

/* Begin PBXShellScriptBuildPhase section */
		0601E31B9776E7A3B6425E3C /* [CP] Embed Pods Frameworks */ = {
			isa = PBXShellScriptBuildPhase;
			buildActionMask = 2147483647;
			files = (
			);
			inputFileListPaths = (
				"${PODS_ROOT}/Target Support Files/Pods-findfood-findfoodUITests/Pods-findfood-findfoodUITests-frameworks-${CONFIGURATION}-input-files.xcfilelist",
			);
			name = "[CP] Embed Pods Frameworks";
			outputFileListPaths = (
				"${PODS_ROOT}/Target Support Files/Pods-findfood-findfoodUITests/Pods-findfood-findfoodUITests-frameworks-${CONFIGURATION}-output-files.xcfilelist",
			);
			runOnlyForDeploymentPostprocessing = 0;
			shellPath = /bin/sh;
			shellScript = "\"${PODS_ROOT}/Target Support Files/Pods-findfood-findfoodUITests/Pods-findfood-findfoodUITests-frameworks.sh\"\n";
			showEnvVarsInLog = 0;
		};
		5A47EC4E7DCE9004AC5E07CC /* [CP] Check Pods Manifest.lock */ = {
			isa = PBXShellScriptBuildPhase;
			buildActionMask = 2147483647;
			files = (
			);
			inputFileListPaths = (
			);
			inputPaths = (
				"${PODS_PODFILE_DIR_PATH}/Podfile.lock",
				"${PODS_ROOT}/Manifest.lock",
			);
			name = "[CP] Check Pods Manifest.lock";
			outputFileListPaths = (
			);
			outputPaths = (
				"$(DERIVED_FILE_DIR)/Pods-findfood-checkManifestLockResult.txt",
			);
			runOnlyForDeploymentPostprocessing = 0;
			shellPath = /bin/sh;
			shellScript = "diff \"${PODS_PODFILE_DIR_PATH}/Podfile.lock\" \"${PODS_ROOT}/Manifest.lock\" > /dev/null\nif [ $? != 0 ] ; then\n    # print error to STDERR\n    echo \"error: The sandbox is not in sync with the Podfile.lock. Run 'pod install' or update your CocoaPods installation.\" >&2\n    exit 1\nfi\n# This output is used by Xcode 'outputs' to avoid re-running this script phase.\necho \"SUCCESS\" > \"${SCRIPT_OUTPUT_FILE_0}\"\n";
			showEnvVarsInLog = 0;
		};
		6B12B3B44E1647737C432757 /* [CP] Check Pods Manifest.lock */ = {
			isa = PBXShellScriptBuildPhase;
			buildActionMask = 2147483647;
			files = (
			);
			inputFileListPaths = (
			);
			inputPaths = (
				"${PODS_PODFILE_DIR_PATH}/Podfile.lock",
				"${PODS_ROOT}/Manifest.lock",
			);
			name = "[CP] Check Pods Manifest.lock";
			outputFileListPaths = (
			);
			outputPaths = (
				"$(DERIVED_FILE_DIR)/Pods-findfood-findfoodUITests-checkManifestLockResult.txt",
			);
			runOnlyForDeploymentPostprocessing = 0;
			shellPath = /bin/sh;
			shellScript = "diff \"${PODS_PODFILE_DIR_PATH}/Podfile.lock\" \"${PODS_ROOT}/Manifest.lock\" > /dev/null\nif [ $? != 0 ] ; then\n    # print error to STDERR\n    echo \"error: The sandbox is not in sync with the Podfile.lock. Run 'pod install' or update your CocoaPods installation.\" >&2\n    exit 1\nfi\n# This output is used by Xcode 'outputs' to avoid re-running this script phase.\necho \"SUCCESS\" > \"${SCRIPT_OUTPUT_FILE_0}\"\n";
			showEnvVarsInLog = 0;
		};
		AE8117054734B8FEF1FE452C /* [CP] Check Pods Manifest.lock */ = {
			isa = PBXShellScriptBuildPhase;
			buildActionMask = 2147483647;
			files = (
			);
			inputFileListPaths = (
			);
			inputPaths = (
				"${PODS_PODFILE_DIR_PATH}/Podfile.lock",
				"${PODS_ROOT}/Manifest.lock",
			);
			name = "[CP] Check Pods Manifest.lock";
			outputFileListPaths = (
			);
			outputPaths = (
				"$(DERIVED_FILE_DIR)/Pods-findfoodTests-checkManifestLockResult.txt",
			);
			runOnlyForDeploymentPostprocessing = 0;
			shellPath = /bin/sh;
			shellScript = "diff \"${PODS_PODFILE_DIR_PATH}/Podfile.lock\" \"${PODS_ROOT}/Manifest.lock\" > /dev/null\nif [ $? != 0 ] ; then\n    # print error to STDERR\n    echo \"error: The sandbox is not in sync with the Podfile.lock. Run 'pod install' or update your CocoaPods installation.\" >&2\n    exit 1\nfi\n# This output is used by Xcode 'outputs' to avoid re-running this script phase.\necho \"SUCCESS\" > \"${SCRIPT_OUTPUT_FILE_0}\"\n";
			showEnvVarsInLog = 0;
		};
		E254DEEBE00F26E28A628A35 /* [CP] Embed Pods Frameworks */ = {
			isa = PBXShellScriptBuildPhase;
			buildActionMask = 2147483647;
			files = (
			);
			inputFileListPaths = (
				"${PODS_ROOT}/Target Support Files/Pods-findfood/Pods-findfood-frameworks-${CONFIGURATION}-input-files.xcfilelist",
			);
			name = "[CP] Embed Pods Frameworks";
			outputFileListPaths = (
				"${PODS_ROOT}/Target Support Files/Pods-findfood/Pods-findfood-frameworks-${CONFIGURATION}-output-files.xcfilelist",
			);
			runOnlyForDeploymentPostprocessing = 0;
			shellPath = /bin/sh;
			shellScript = "\"${PODS_ROOT}/Target Support Files/Pods-findfood/Pods-findfood-frameworks.sh\"\n";
			showEnvVarsInLog = 0;
		};
/* End PBXShellScriptBuildPhase section */

/* Begin PBXSourcesBuildPhase section */
		6E01E125269CF8CB00CAB045 /* Sources */ = {
			isa = PBXSourcesBuildPhase;
			buildActionMask = 2147483647;
			files = (
				6E182D1F269DEB5100E69EBD /* UserProfileViewController.m in Sources */,
				6E182D22269DF16B00E69EBD /* DetailsViewController.m in Sources */,
				6E182D10269CFF1600E69EBD /* LoginViewController.m in Sources */,
				6E182D2A269DF3C700E69EBD /* UserEditProfileViewController.m in Sources */,
				6E182D13269D030200E69EBD /* UserSignUpViewController.m in Sources */,
				6E7743EB26A1E4AE00C02DA0 /* FTruckHoursViewController.m in Sources */,
				6E182D3C26A08AF800E69EBD /* LocationSearchViewController.m in Sources */,
				6E182D27269DF36300E69EBD /* FTruckEditProfileViewController.m in Sources */,
				6E01E12E269CF8CB00CAB045 /* AppDelegate.m in Sources */,
				6E01E13F269CF8CC00CAB045 /* main.m in Sources */,
				6E182D19269D0A6C00E69EBD /* ParentSignUpViewController.m in Sources */,
				6E182D39269F38AF00E69EBD /* FTruckProfileViewController.m in Sources */,
				6E01E131269CF8CB00CAB045 /* SceneDelegate.m in Sources */,
				6E182D3F26A0B9B400E69EBD /* AddressResultsCell.m in Sources */,
				6E182D1C269DEB3600E69EBD /* UserMapViewController.m in Sources */,
				6E182D16269D035200E69EBD /* FTruckSignUpViewController.m in Sources */,
			);
			runOnlyForDeploymentPostprocessing = 0;
		};
		6E01E140269CF8CC00CAB045 /* Sources */ = {
			isa = PBXSourcesBuildPhase;
			buildActionMask = 2147483647;
			files = (
				6E01E149269CF8CC00CAB045 /* findfoodTests.m in Sources */,
			);
			runOnlyForDeploymentPostprocessing = 0;
		};
		6E01E14B269CF8CC00CAB045 /* Sources */ = {
			isa = PBXSourcesBuildPhase;
			buildActionMask = 2147483647;
			files = (
				6E01E154269CF8CC00CAB045 /* findfoodUITests.m in Sources */,
			);
			runOnlyForDeploymentPostprocessing = 0;
		};
/* End PBXSourcesBuildPhase section */

/* Begin PBXTargetDependency section */
		6E01E146269CF8CC00CAB045 /* PBXTargetDependency */ = {
			isa = PBXTargetDependency;
			target = 6E01E128269CF8CB00CAB045 /* findfood */;
			targetProxy = 6E01E145269CF8CC00CAB045 /* PBXContainerItemProxy */;
		};
		6E01E151269CF8CC00CAB045 /* PBXTargetDependency */ = {
			isa = PBXTargetDependency;
			target = 6E01E128269CF8CB00CAB045 /* findfood */;
			targetProxy = 6E01E150269CF8CC00CAB045 /* PBXContainerItemProxy */;
		};
/* End PBXTargetDependency section */

/* Begin PBXVariantGroup section */
		6E01E135269CF8CB00CAB045 /* Main.storyboard */ = {
			isa = PBXVariantGroup;
			children = (
				6E01E136269CF8CB00CAB045 /* Base */,
			);
			name = Main.storyboard;
			sourceTree = "<group>";
		};
		6E01E13A269CF8CC00CAB045 /* LaunchScreen.storyboard */ = {
			isa = PBXVariantGroup;
			children = (
				6E01E13B269CF8CC00CAB045 /* Base */,
			);
			name = LaunchScreen.storyboard;
			sourceTree = "<group>";
		};
/* End PBXVariantGroup section */

/* Begin XCBuildConfiguration section */
		6E01E156269CF8CC00CAB045 /* Debug */ = {
			isa = XCBuildConfiguration;
			buildSettings = {
				ALWAYS_SEARCH_USER_PATHS = NO;
				CLANG_ANALYZER_NONNULL = YES;
				CLANG_ANALYZER_NUMBER_OBJECT_CONVERSION = YES_AGGRESSIVE;
				CLANG_CXX_LANGUAGE_STANDARD = "gnu++14";
				CLANG_CXX_LIBRARY = "libc++";
				CLANG_ENABLE_MODULES = YES;
				CLANG_ENABLE_OBJC_ARC = YES;
				CLANG_ENABLE_OBJC_WEAK = YES;
				CLANG_WARN_BLOCK_CAPTURE_AUTORELEASING = YES;
				CLANG_WARN_BOOL_CONVERSION = YES;
				CLANG_WARN_COMMA = YES;
				CLANG_WARN_CONSTANT_CONVERSION = YES;
				CLANG_WARN_DEPRECATED_OBJC_IMPLEMENTATIONS = YES;
				CLANG_WARN_DIRECT_OBJC_ISA_USAGE = YES_ERROR;
				CLANG_WARN_DOCUMENTATION_COMMENTS = YES;
				CLANG_WARN_EMPTY_BODY = YES;
				CLANG_WARN_ENUM_CONVERSION = YES;
				CLANG_WARN_INFINITE_RECURSION = YES;
				CLANG_WARN_INT_CONVERSION = YES;
				CLANG_WARN_NON_LITERAL_NULL_CONVERSION = YES;
				CLANG_WARN_OBJC_IMPLICIT_RETAIN_SELF = YES;
				CLANG_WARN_OBJC_LITERAL_CONVERSION = YES;
				CLANG_WARN_OBJC_ROOT_CLASS = YES_ERROR;
				CLANG_WARN_QUOTED_INCLUDE_IN_FRAMEWORK_HEADER = YES;
				CLANG_WARN_RANGE_LOOP_ANALYSIS = YES;
				CLANG_WARN_STRICT_PROTOTYPES = YES;
				CLANG_WARN_SUSPICIOUS_MOVE = YES;
				CLANG_WARN_UNGUARDED_AVAILABILITY = YES_AGGRESSIVE;
				CLANG_WARN_UNREACHABLE_CODE = YES;
				CLANG_WARN__DUPLICATE_METHOD_MATCH = YES;
				COPY_PHASE_STRIP = NO;
				DEBUG_INFORMATION_FORMAT = dwarf;
				ENABLE_STRICT_OBJC_MSGSEND = YES;
				ENABLE_TESTABILITY = YES;
				GCC_C_LANGUAGE_STANDARD = gnu11;
				GCC_DYNAMIC_NO_PIC = NO;
				GCC_NO_COMMON_BLOCKS = YES;
				GCC_OPTIMIZATION_LEVEL = 0;
				GCC_PREPROCESSOR_DEFINITIONS = (
					"DEBUG=1",
					"$(inherited)",
				);
				GCC_WARN_64_TO_32_BIT_CONVERSION = YES;
				GCC_WARN_ABOUT_RETURN_TYPE = YES_ERROR;
				GCC_WARN_UNDECLARED_SELECTOR = YES;
				GCC_WARN_UNINITIALIZED_AUTOS = YES_AGGRESSIVE;
				GCC_WARN_UNUSED_FUNCTION = YES;
				GCC_WARN_UNUSED_VARIABLE = YES;
				IPHONEOS_DEPLOYMENT_TARGET = 14.5;
				MTL_ENABLE_DEBUG_INFO = INCLUDE_SOURCE;
				MTL_FAST_MATH = YES;
				ONLY_ACTIVE_ARCH = YES;
				SDKROOT = iphoneos;
			};
			name = Debug;
		};
		6E01E157269CF8CC00CAB045 /* Release */ = {
			isa = XCBuildConfiguration;
			buildSettings = {
				ALWAYS_SEARCH_USER_PATHS = NO;
				CLANG_ANALYZER_NONNULL = YES;
				CLANG_ANALYZER_NUMBER_OBJECT_CONVERSION = YES_AGGRESSIVE;
				CLANG_CXX_LANGUAGE_STANDARD = "gnu++14";
				CLANG_CXX_LIBRARY = "libc++";
				CLANG_ENABLE_MODULES = YES;
				CLANG_ENABLE_OBJC_ARC = YES;
				CLANG_ENABLE_OBJC_WEAK = YES;
				CLANG_WARN_BLOCK_CAPTURE_AUTORELEASING = YES;
				CLANG_WARN_BOOL_CONVERSION = YES;
				CLANG_WARN_COMMA = YES;
				CLANG_WARN_CONSTANT_CONVERSION = YES;
				CLANG_WARN_DEPRECATED_OBJC_IMPLEMENTATIONS = YES;
				CLANG_WARN_DIRECT_OBJC_ISA_USAGE = YES_ERROR;
				CLANG_WARN_DOCUMENTATION_COMMENTS = YES;
				CLANG_WARN_EMPTY_BODY = YES;
				CLANG_WARN_ENUM_CONVERSION = YES;
				CLANG_WARN_INFINITE_RECURSION = YES;
				CLANG_WARN_INT_CONVERSION = YES;
				CLANG_WARN_NON_LITERAL_NULL_CONVERSION = YES;
				CLANG_WARN_OBJC_IMPLICIT_RETAIN_SELF = YES;
				CLANG_WARN_OBJC_LITERAL_CONVERSION = YES;
				CLANG_WARN_OBJC_ROOT_CLASS = YES_ERROR;
				CLANG_WARN_QUOTED_INCLUDE_IN_FRAMEWORK_HEADER = YES;
				CLANG_WARN_RANGE_LOOP_ANALYSIS = YES;
				CLANG_WARN_STRICT_PROTOTYPES = YES;
				CLANG_WARN_SUSPICIOUS_MOVE = YES;
				CLANG_WARN_UNGUARDED_AVAILABILITY = YES_AGGRESSIVE;
				CLANG_WARN_UNREACHABLE_CODE = YES;
				CLANG_WARN__DUPLICATE_METHOD_MATCH = YES;
				COPY_PHASE_STRIP = NO;
				DEBUG_INFORMATION_FORMAT = "dwarf-with-dsym";
				ENABLE_NS_ASSERTIONS = NO;
				ENABLE_STRICT_OBJC_MSGSEND = YES;
				GCC_C_LANGUAGE_STANDARD = gnu11;
				GCC_NO_COMMON_BLOCKS = YES;
				GCC_WARN_64_TO_32_BIT_CONVERSION = YES;
				GCC_WARN_ABOUT_RETURN_TYPE = YES_ERROR;
				GCC_WARN_UNDECLARED_SELECTOR = YES;
				GCC_WARN_UNINITIALIZED_AUTOS = YES_AGGRESSIVE;
				GCC_WARN_UNUSED_FUNCTION = YES;
				GCC_WARN_UNUSED_VARIABLE = YES;
				IPHONEOS_DEPLOYMENT_TARGET = 14.5;
				MTL_ENABLE_DEBUG_INFO = NO;
				MTL_FAST_MATH = YES;
				SDKROOT = iphoneos;
				VALIDATE_PRODUCT = YES;
			};
			name = Release;
		};
		6E01E159269CF8CC00CAB045 /* Debug */ = {
			isa = XCBuildConfiguration;
			baseConfigurationReference = 7FA575DA0E14924867ED1A07 /* Pods-findfood.debug.xcconfig */;
			buildSettings = {
				ASSETCATALOG_COMPILER_APPICON_NAME = AppIcon;
				ASSETCATALOG_COMPILER_GLOBAL_ACCENT_COLOR_NAME = AccentColor;
				CODE_SIGN_STYLE = Automatic;
				DEVELOPMENT_TEAM = M35Y5F744J;
				INFOPLIST_FILE = findfood/Info.plist;
				LD_RUNPATH_SEARCH_PATHS = (
					"$(inherited)",
					"@executable_path/Frameworks",
				);
				PRODUCT_BUNDLE_IDENTIFIER = com.dylanfdl.findfood;
				PRODUCT_NAME = "$(TARGET_NAME)";
				TARGETED_DEVICE_FAMILY = "1,2";
			};
			name = Debug;
		};
		6E01E15A269CF8CC00CAB045 /* Release */ = {
			isa = XCBuildConfiguration;
			baseConfigurationReference = A0FF123623A9EC0152534D02 /* Pods-findfood.release.xcconfig */;
			buildSettings = {
				ASSETCATALOG_COMPILER_APPICON_NAME = AppIcon;
				ASSETCATALOG_COMPILER_GLOBAL_ACCENT_COLOR_NAME = AccentColor;
				CODE_SIGN_STYLE = Automatic;
				DEVELOPMENT_TEAM = M35Y5F744J;
				INFOPLIST_FILE = findfood/Info.plist;
				LD_RUNPATH_SEARCH_PATHS = (
					"$(inherited)",
					"@executable_path/Frameworks",
				);
				PRODUCT_BUNDLE_IDENTIFIER = com.dylanfdl.findfood;
				PRODUCT_NAME = "$(TARGET_NAME)";
				TARGETED_DEVICE_FAMILY = "1,2";
			};
			name = Release;
		};
		6E01E15C269CF8CC00CAB045 /* Debug */ = {
			isa = XCBuildConfiguration;
			baseConfigurationReference = 2F7040CD10C4FED86B930B57 /* Pods-findfoodTests.debug.xcconfig */;
			buildSettings = {
				BUNDLE_LOADER = "$(TEST_HOST)";
				CODE_SIGN_STYLE = Automatic;
				DEVELOPMENT_TEAM = M35Y5F744J;
				INFOPLIST_FILE = findfoodTests/Info.plist;
				IPHONEOS_DEPLOYMENT_TARGET = 14.5;
				LD_RUNPATH_SEARCH_PATHS = (
					"$(inherited)",
					"@executable_path/Frameworks",
					"@loader_path/Frameworks",
				);
				PRODUCT_BUNDLE_IDENTIFIER = com.dylanfdl.findfoodTests;
				PRODUCT_NAME = "$(TARGET_NAME)";
				TARGETED_DEVICE_FAMILY = "1,2";
				TEST_HOST = "$(BUILT_PRODUCTS_DIR)/findfood.app/findfood";
			};
			name = Debug;
		};
		6E01E15D269CF8CC00CAB045 /* Release */ = {
			isa = XCBuildConfiguration;
			baseConfigurationReference = B8851B3329059D044BCBC1B5 /* Pods-findfoodTests.release.xcconfig */;
			buildSettings = {
				BUNDLE_LOADER = "$(TEST_HOST)";
				CODE_SIGN_STYLE = Automatic;
				DEVELOPMENT_TEAM = M35Y5F744J;
				INFOPLIST_FILE = findfoodTests/Info.plist;
				IPHONEOS_DEPLOYMENT_TARGET = 14.5;
				LD_RUNPATH_SEARCH_PATHS = (
					"$(inherited)",
					"@executable_path/Frameworks",
					"@loader_path/Frameworks",
				);
				PRODUCT_BUNDLE_IDENTIFIER = com.dylanfdl.findfoodTests;
				PRODUCT_NAME = "$(TARGET_NAME)";
				TARGETED_DEVICE_FAMILY = "1,2";
				TEST_HOST = "$(BUILT_PRODUCTS_DIR)/findfood.app/findfood";
			};
			name = Release;
		};
		6E01E15F269CF8CC00CAB045 /* Debug */ = {
			isa = XCBuildConfiguration;
			baseConfigurationReference = 28E5C561B8F67A6A7F7FAD4E /* Pods-findfood-findfoodUITests.debug.xcconfig */;
			buildSettings = {
				CODE_SIGN_STYLE = Automatic;
				DEVELOPMENT_TEAM = M35Y5F744J;
				INFOPLIST_FILE = findfoodUITests/Info.plist;
				LD_RUNPATH_SEARCH_PATHS = (
					"$(inherited)",
					"@executable_path/Frameworks",
					"@loader_path/Frameworks",
				);
				PRODUCT_BUNDLE_IDENTIFIER = com.dylanfdl.findfoodUITests;
				PRODUCT_NAME = "$(TARGET_NAME)";
				TARGETED_DEVICE_FAMILY = "1,2";
				TEST_TARGET_NAME = findfood;
			};
			name = Debug;
		};
		6E01E160269CF8CC00CAB045 /* Release */ = {
			isa = XCBuildConfiguration;
			baseConfigurationReference = 529B2061D7F24A244C17548E /* Pods-findfood-findfoodUITests.release.xcconfig */;
			buildSettings = {
				CODE_SIGN_STYLE = Automatic;
				DEVELOPMENT_TEAM = M35Y5F744J;
				INFOPLIST_FILE = findfoodUITests/Info.plist;
				LD_RUNPATH_SEARCH_PATHS = (
					"$(inherited)",
					"@executable_path/Frameworks",
					"@loader_path/Frameworks",
				);
				PRODUCT_BUNDLE_IDENTIFIER = com.dylanfdl.findfoodUITests;
				PRODUCT_NAME = "$(TARGET_NAME)";
				TARGETED_DEVICE_FAMILY = "1,2";
				TEST_TARGET_NAME = findfood;
			};
			name = Release;
		};
/* End XCBuildConfiguration section */

/* Begin XCConfigurationList section */
		6E01E124269CF8CB00CAB045 /* Build configuration list for PBXProject "findfood" */ = {
			isa = XCConfigurationList;
			buildConfigurations = (
				6E01E156269CF8CC00CAB045 /* Debug */,
				6E01E157269CF8CC00CAB045 /* Release */,
			);
			defaultConfigurationIsVisible = 0;
			defaultConfigurationName = Release;
		};
		6E01E158269CF8CC00CAB045 /* Build configuration list for PBXNativeTarget "findfood" */ = {
			isa = XCConfigurationList;
			buildConfigurations = (
				6E01E159269CF8CC00CAB045 /* Debug */,
				6E01E15A269CF8CC00CAB045 /* Release */,
			);
			defaultConfigurationIsVisible = 0;
			defaultConfigurationName = Release;
		};
		6E01E15B269CF8CC00CAB045 /* Build configuration list for PBXNativeTarget "findfoodTests" */ = {
			isa = XCConfigurationList;
			buildConfigurations = (
				6E01E15C269CF8CC00CAB045 /* Debug */,
				6E01E15D269CF8CC00CAB045 /* Release */,
			);
			defaultConfigurationIsVisible = 0;
			defaultConfigurationName = Release;
		};
		6E01E15E269CF8CC00CAB045 /* Build configuration list for PBXNativeTarget "findfoodUITests" */ = {
			isa = XCConfigurationList;
			buildConfigurations = (
				6E01E15F269CF8CC00CAB045 /* Debug */,
				6E01E160269CF8CC00CAB045 /* Release */,
			);
			defaultConfigurationIsVisible = 0;
			defaultConfigurationName = Release;
		};
/* End XCConfigurationList section */
	};
	rootObject = 6E01E121269CF8CB00CAB045 /* Project object */;
}
